// !$*UTF8*$!
{
	archiveVersion = 1;
	classes = {
	};
	objectVersion = 46;
	objects = {

/* Begin PBXBuildFile section */
		8447961E1788166800833C1E /* main.c in Sources */ = {isa = PBXBuildFile; fileRef = 8447961D1788166800833C1E /* main.c */; };
		844796201788166800833C1E /* Summer.1 in CopyFiles */ = {isa = PBXBuildFile; fileRef = 8447961F1788166800833C1E /* Summer.1 */; };
		846995DF17EA5E1D00BBB8BA /* libJsonLiteObjC.a in Frameworks */ = {isa = PBXBuildFile; fileRef = 846995DC17EA5E0C00BBB8BA /* libJsonLiteObjC.a */; };
/* End PBXBuildFile section */

/* Begin PBXContainerItemProxy section */
		8445C5D61814216700EFAC27 /* PBXContainerItemProxy */ = {
			isa = PBXContainerItemProxy;
			containerPortal = 846995D617EA5E0C00BBB8BA /* JsonLiteObjC.xcodeproj */;
			proxyType = 1;
			remoteGlobalIDString = 8469945317EA55A700BBB8BA;
			remoteInfo = JsonLiteObjC;
		};
		846995DB17EA5E0C00BBB8BA /* PBXContainerItemProxy */ = {
			isa = PBXContainerItemProxy;
			containerPortal = 846995D617EA5E0C00BBB8BA /* JsonLiteObjC.xcodeproj */;
			proxyType = 2;
			remoteGlobalIDString = 8469945417EA55A700BBB8BA;
			remoteInfo = JsonLiteObjC;
		};
		846995DD17EA5E0C00BBB8BA /* PBXContainerItemProxy */ = {
			isa = PBXContainerItemProxy;
			containerPortal = 846995D617EA5E0C00BBB8BA /* JsonLiteObjC.xcodeproj */;
			proxyType = 2;
			remoteGlobalIDString = 8469946817EA55A700BBB8BA;
			remoteInfo = JsonLiteObjCTests;
		};
/* End PBXContainerItemProxy section */

/* Begin PBXCopyFilesBuildPhase section */
		844796181788166800833C1E /* CopyFiles */ = {
			isa = PBXCopyFilesBuildPhase;
			buildActionMask = 2147483647;
			dstPath = /usr/share/man/man1/;
			dstSubfolderSpec = 0;
			files = (
				844796201788166800833C1E /* Summer.1 in CopyFiles */,
			);
			runOnlyForDeploymentPostprocessing = 1;
		};
/* End PBXCopyFilesBuildPhase section */

/* Begin PBXFileReference section */
		8447961A1788166800833C1E /* Summer */ = {isa = PBXFileReference; explicitFileType = "compiled.mach-o.executable"; includeInIndex = 0; path = Summer; sourceTree = BUILT_PRODUCTS_DIR; };
		8447961D1788166800833C1E /* main.c */ = {isa = PBXFileReference; lastKnownFileType = sourcecode.c.c; path = main.c; sourceTree = "<group>"; };
		8447961F1788166800833C1E /* Summer.1 */ = {isa = PBXFileReference; lastKnownFileType = text.man; path = Summer.1; sourceTree = "<group>"; };
		846995D617EA5E0C00BBB8BA /* JsonLiteObjC.xcodeproj */ = {isa = PBXFileReference; lastKnownFileType = "wrapper.pb-project"; name = JsonLiteObjC.xcodeproj; path = ../../platform/macosx/JsonLiteObjC.xcodeproj; sourceTree = "<group>"; };
/* End PBXFileReference section */

/* Begin PBXFrameworksBuildPhase section */
		844796171788166800833C1E /* Frameworks */ = {
			isa = PBXFrameworksBuildPhase;
			buildActionMask = 2147483647;
			files = (
				846995DF17EA5E1D00BBB8BA /* libJsonLiteObjC.a in Frameworks */,
			);
			runOnlyForDeploymentPostprocessing = 0;
		};
/* End PBXFrameworksBuildPhase section */

/* Begin PBXGroup section */
		844796111788166800833C1E = {
			isa = PBXGroup;
			children = (
				846995D617EA5E0C00BBB8BA /* JsonLiteObjC.xcodeproj */,
				8447961C1788166800833C1E /* Summer */,
				8447961B1788166800833C1E /* Products */,
			);
			sourceTree = "<group>";
		};
		8447961B1788166800833C1E /* Products */ = {
			isa = PBXGroup;
			children = (
				8447961A1788166800833C1E /* Summer */,
			);
			name = Products;
			sourceTree = "<group>";
		};
		8447961C1788166800833C1E /* Summer */ = {
			isa = PBXGroup;
			children = (
				8447961D1788166800833C1E /* main.c */,
				8447961F1788166800833C1E /* Summer.1 */,
			);
			path = Summer;
			sourceTree = "<group>";
		};
		846995D717EA5E0C00BBB8BA /* Products */ = {
			isa = PBXGroup;
			children = (
				846995DC17EA5E0C00BBB8BA /* libJsonLiteObjC.a */,
				846995DE17EA5E0C00BBB8BA /* JsonLiteObjCTests.octest */,
			);
			name = Products;
			sourceTree = "<group>";
		};
/* End PBXGroup section */

/* Begin PBXNativeTarget section */
		844796191788166800833C1E /* Summer */ = {
			isa = PBXNativeTarget;
			buildConfigurationList = 844796231788166800833C1E /* Build configuration list for PBXNativeTarget "Summer" */;
			buildPhases = (
				844796161788166800833C1E /* Sources */,
				844796171788166800833C1E /* Frameworks */,
				844796181788166800833C1E /* CopyFiles */,
			);
			buildRules = (
			);
			dependencies = (
				8445C5D71814216700EFAC27 /* PBXTargetDependency */,
			);
			name = Summer;
			productName = Summer;
			productReference = 8447961A1788166800833C1E /* Summer */;
			productType = "com.apple.product-type.tool";
		};
/* End PBXNativeTarget section */

/* Begin PBXProject section */
		844796121788166800833C1E /* Project object */ = {
			isa = PBXProject;
			attributes = {
				LastUpgradeCheck = 0460;
				ORGANIZATIONNAME = "Andrii Mamchur";
			};
			buildConfigurationList = 844796151788166800833C1E /* Build configuration list for PBXProject "Summer" */;
			compatibilityVersion = "Xcode 3.2";
			developmentRegion = English;
			hasScannedForEncodings = 0;
			knownRegions = (
				en,
			);
			mainGroup = 844796111788166800833C1E;
			productRefGroup = 8447961B1788166800833C1E /* Products */;
			projectDirPath = "";
			projectReferences = (
				{
					ProductGroup = 846995D717EA5E0C00BBB8BA /* Products */;
					ProjectRef = 846995D617EA5E0C00BBB8BA /* JsonLiteObjC.xcodeproj */;
				},
			);
			projectRoot = "";
			targets = (
				844796191788166800833C1E /* Summer */,
			);
		};
/* End PBXProject section */

/* Begin PBXReferenceProxy section */
		846995DC17EA5E0C00BBB8BA /* libJsonLiteObjC.a */ = {
			isa = PBXReferenceProxy;
			fileType = archive.ar;
			path = libJsonLiteObjC.a;
			remoteRef = 846995DB17EA5E0C00BBB8BA /* PBXContainerItemProxy */;
			sourceTree = BUILT_PRODUCTS_DIR;
		};
		846995DE17EA5E0C00BBB8BA /* JsonLiteObjCTests.octest */ = {
			isa = PBXReferenceProxy;
			fileType = wrapper.cfbundle;
			path = JsonLiteObjCTests.octest;
			remoteRef = 846995DD17EA5E0C00BBB8BA /* PBXContainerItemProxy */;
			sourceTree = BUILT_PRODUCTS_DIR;
		};
/* End PBXReferenceProxy section */

/* Begin PBXSourcesBuildPhase section */
		844796161788166800833C1E /* Sources */ = {
			isa = PBXSourcesBuildPhase;
			buildActionMask = 2147483647;
			files = (
				8447961E1788166800833C1E /* main.c in Sources */,
			);
			runOnlyForDeploymentPostprocessing = 0;
		};
/* End PBXSourcesBuildPhase section */

/* Begin PBXTargetDependency section */
		8445C5D71814216700EFAC27 /* PBXTargetDependency */ = {
			isa = PBXTargetDependency;
			name = JsonLiteObjC;
			targetProxy = 8445C5D61814216700EFAC27 /* PBXContainerItemProxy */;
		};
/* End PBXTargetDependency section */

/* Begin XCBuildConfiguration section */
		844796211788166800833C1E /* Debug */ = {
			isa = XCBuildConfiguration;
			buildSettings = {
				ALWAYS_SEARCH_USER_PATHS = NO;
				ARCHS = "$(ARCHS_STANDARD_64_BIT)";
				CLANG_CXX_LANGUAGE_STANDARD = "gnu++0x";
				CLANG_CXX_LIBRARY = "libc++";
				CLANG_WARN_CONSTANT_CONVERSION = YES;
				CLANG_WARN_EMPTY_BODY = YES;
				CLANG_WARN_ENUM_CONVERSION = YES;
				CLANG_WARN_INT_CONVERSION = YES;
				CLANG_WARN__DUPLICATE_METHOD_MATCH = YES;
				COPY_PHASE_STRIP = NO;
				GCC_C_LANGUAGE_STANDARD = gnu99;
				GCC_DYNAMIC_NO_PIC = NO;
				GCC_ENABLE_OBJC_EXCEPTIONS = YES;
				GCC_OPTIMIZATION_LEVEL = 0;
				GCC_PREPROCESSOR_DEFINITIONS = (
					"DEBUG=1",
					"$(inherited)",
				);
				GCC_SYMBOLS_PRIVATE_EXTERN = NO;
				GCC_WARN_64_TO_32_BIT_CONVERSION = YES;
				GCC_WARN_ABOUT_RETURN_TYPE = YES;
				GCC_WARN_UNINITIALIZED_AUTOS = YES;
				GCC_WARN_UNUSED_VARIABLE = YES;
				MACOSX_DEPLOYMENT_TARGET = 10.8;
				ONLY_ACTIVE_ARCH = YES;
				SDKROOT = macosx;
			};
			name = Debug;
		};
		844796221788166800833C1E /* Release */ = {
			isa = XCBuildConfiguration;
			buildSettings = {
				ALWAYS_SEARCH_USER_PATHS = NO;
				ARCHS = "$(ARCHS_STANDARD_64_BIT)";
				CLANG_CXX_LANGUAGE_STANDARD = "gnu++0x";
				CLANG_CXX_LIBRARY = "libc++";
				CLANG_WARN_CONSTANT_CONVERSION = YES;
				CLANG_WARN_EMPTY_BODY = YES;
				CLANG_WARN_ENUM_CONVERSION = YES;
				CLANG_WARN_INT_CONVERSION = YES;
				CLANG_WARN__DUPLICATE_METHOD_MATCH = YES;
				COPY_PHASE_STRIP = YES;
				DEBUG_INFORMATION_FORMAT = "dwarf-with-dsym";
				GCC_C_LANGUAGE_STANDARD = gnu99;
				GCC_ENABLE_OBJC_EXCEPTIONS = YES;
				GCC_WARN_64_TO_32_BIT_CONVERSION = YES;
				GCC_WARN_ABOUT_RETURN_TYPE = YES;
				GCC_WARN_UNINITIALIZED_AUTOS = YES;
				GCC_WARN_UNUSED_VARIABLE = YES;
				MACOSX_DEPLOYMENT_TARGET = 10.8;
				SDKROOT = macosx;
			};
			name = Release;
		};
		844796241788166800833C1E /* Debug */ = {
			isa = XCBuildConfiguration;
			buildSettings = {
				ARCHS = "$(ARCHS_STANDARD_32_64_BIT)";
				PRODUCT_NAME = "$(TARGET_NAME)";
			};
			name = Debug;
		};
		844796251788166800833C1E /* Release */ = {
			isa = XCBuildConfiguration;
			buildSettings = {
				ARCHS = "$(ARCHS_STANDARD_32_64_BIT)";
				PRODUCT_NAME = "$(TARGET_NAME)";
			};
			name = Release;
		};
/* End XCBuildConfiguration section */

/* Begin XCConfigurationList section */
		844796151788166800833C1E /* Build configuration list for PBXProject "Summer" */ = {
			isa = XCConfigurationList;
			buildConfigurations = (
				844796211788166800833C1E /* Debug */,
				844796221788166800833C1E /* Release */,
			);
			defaultConfigurationIsVisible = 0;
			defaultConfigurationName = Release;
		};
		844796231788166800833C1E /* Build configuration list for PBXNativeTarget "Summer" */ = {
			isa = XCConfigurationList;
			buildConfigurations = (
				844796241788166800833C1E /* Debug */,
				844796251788166800833C1E /* Release */,
			);
			defaultConfigurationIsVisible = 0;
			defaultConfigurationName = Release;
		};
/* End XCConfigurationList section */
	};
	rootObject = 844796121788166800833C1E /* Project object */;
}
