// !$*UTF8*$!
{
	archiveVersion = 1;
	classes = {
	};
	objectVersion = 46;
	objects = {

/* Begin PBXBuildFile section */
		849E831F1776480E00D78592 /* mesh.json in Resources */ = {isa = PBXBuildFile; fileRef = 849E831E1776480E00D78592 /* mesh.json */; };
		84D8AA1A17E9175500E11185 /* main.m in Sources */ = {isa = PBXBuildFile; fileRef = 87E75BDA15828FFA00100333 /* main.m */; };
		84D8AA1B17E9175500E11185 /* iPhoneJsonLiteViewController.m in Sources */ = {isa = PBXBuildFile; fileRef = 87E75BE315828FFA00100333 /* iPhoneJsonLiteViewController.m */; };
		84D8AA1C17E9175500E11185 /* iPhoneJsonLiteAppDelegate.m in Sources */ = {isa = PBXBuildFile; fileRef = 87E75C171582907700100333 /* iPhoneJsonLiteAppDelegate.m */; };
		84D8AA1D17E9175500E11185 /* TWTimeline.m in Sources */ = {isa = PBXBuildFile; fileRef = 87E75C1F1582907700100333 /* TWTimeline.m */; };
		84D8AA1E17E9175500E11185 /* TWUser.m in Sources */ = {isa = PBXBuildFile; fileRef = 87E75C211582907700100333 /* TWUser.m */; };
		84D8AA2117E9175500E11185 /* UIKit.framework in Frameworks */ = {isa = PBXBuildFile; fileRef = 87E75BCD15828FFA00100333 /* UIKit.framework */; };
		84D8AA2217E9175500E11185 /* Foundation.framework in Frameworks */ = {isa = PBXBuildFile; fileRef = 87E75BCF15828FFA00100333 /* Foundation.framework */; };
		84D8AA2317E9175500E11185 /* CoreGraphics.framework in Frameworks */ = {isa = PBXBuildFile; fileRef = 87E75BD115828FFA00100333 /* CoreGraphics.framework */; };
		84D8AA2517E9175500E11185 /* InfoPlist.strings in Resources */ = {isa = PBXBuildFile; fileRef = 87E75BD615828FFA00100333 /* InfoPlist.strings */; };
		84D8AA2617E9175500E11185 /* MainWindow.xib in Resources */ = {isa = PBXBuildFile; fileRef = 87E75BDF15828FFA00100333 /* MainWindow.xib */; };
		84D8AA2717E9175500E11185 /* iPhoneJsonLiteViewController.xib in Resources */ = {isa = PBXBuildFile; fileRef = 87E75BE515828FFA00100333 /* iPhoneJsonLiteViewController.xib */; };
		84D8AA2817E9175500E11185 /* json_p1.txt in Resources */ = {isa = PBXBuildFile; fileRef = 87E75C1A1582907700100333 /* json_p1.txt */; };
		84D8AA2917E9175500E11185 /* json_p2.txt in Resources */ = {isa = PBXBuildFile; fileRef = 87E75C1B1582907700100333 /* json_p2.txt */; };
		84D8AA2A17E9175500E11185 /* json_p3.txt in Resources */ = {isa = PBXBuildFile; fileRef = 87E75C1C1582907700100333 /* json_p3.txt */; };
		84D8AA2B17E9175500E11185 /* twitter_public_timeline.json in Resources */ = {isa = PBXBuildFile; fileRef = 87E75C2C1582A18200100333 /* twitter_public_timeline.json */; };
		84D8AA2C17E9175500E11185 /* Default-568h@2x.png in Resources */ = {isa = PBXBuildFile; fileRef = 87FFFAB516286E09004AAD06 /* Default-568h@2x.png */; };
		84D8AA2E17E9175500E11185 /* mesh.json in Resources */ = {isa = PBXBuildFile; fileRef = 849E831E1776480E00D78592 /* mesh.json */; };
		87E75BCE15828FFA00100333 /* UIKit.framework in Frameworks */ = {isa = PBXBuildFile; fileRef = 87E75BCD15828FFA00100333 /* UIKit.framework */; };
		87E75BD015828FFA00100333 /* Foundation.framework in Frameworks */ = {isa = PBXBuildFile; fileRef = 87E75BCF15828FFA00100333 /* Foundation.framework */; };
		87E75BD215828FFA00100333 /* CoreGraphics.framework in Frameworks */ = {isa = PBXBuildFile; fileRef = 87E75BD115828FFA00100333 /* CoreGraphics.framework */; };
		87E75BD815828FFA00100333 /* InfoPlist.strings in Resources */ = {isa = PBXBuildFile; fileRef = 87E75BD615828FFA00100333 /* InfoPlist.strings */; };
		87E75BDB15828FFA00100333 /* main.m in Sources */ = {isa = PBXBuildFile; fileRef = 87E75BDA15828FFA00100333 /* main.m */; };
		87E75BE115828FFA00100333 /* MainWindow.xib in Resources */ = {isa = PBXBuildFile; fileRef = 87E75BDF15828FFA00100333 /* MainWindow.xib */; };
		87E75BE415828FFA00100333 /* iPhoneJsonLiteViewController.m in Sources */ = {isa = PBXBuildFile; fileRef = 87E75BE315828FFA00100333 /* iPhoneJsonLiteViewController.m */; };
		87E75BE715828FFA00100333 /* iPhoneJsonLiteViewController.xib in Resources */ = {isa = PBXBuildFile; fileRef = 87E75BE515828FFA00100333 /* iPhoneJsonLiteViewController.xib */; };
		87E75C231582907700100333 /* iPhoneJsonLiteAppDelegate.m in Sources */ = {isa = PBXBuildFile; fileRef = 87E75C171582907700100333 /* iPhoneJsonLiteAppDelegate.m */; };
		87E75C251582907700100333 /* json_p1.txt in Resources */ = {isa = PBXBuildFile; fileRef = 87E75C1A1582907700100333 /* json_p1.txt */; };
		87E75C261582907700100333 /* json_p2.txt in Resources */ = {isa = PBXBuildFile; fileRef = 87E75C1B1582907700100333 /* json_p2.txt */; };
		87E75C271582907700100333 /* json_p3.txt in Resources */ = {isa = PBXBuildFile; fileRef = 87E75C1C1582907700100333 /* json_p3.txt */; };
		87E75C291582907700100333 /* TWTimeline.m in Sources */ = {isa = PBXBuildFile; fileRef = 87E75C1F1582907700100333 /* TWTimeline.m */; };
		87E75C2A1582907700100333 /* TWUser.m in Sources */ = {isa = PBXBuildFile; fileRef = 87E75C211582907700100333 /* TWUser.m */; };
		87E75C2E1582A18200100333 /* twitter_public_timeline.json in Resources */ = {isa = PBXBuildFile; fileRef = 87E75C2C1582A18200100333 /* twitter_public_timeline.json */; };
		87FFFAB616286E09004AAD06 /* Default-568h@2x.png in Resources */ = {isa = PBXBuildFile; fileRef = 87FFFAB516286E09004AAD06 /* Default-568h@2x.png */; };
		B50155A31867A70F002AF125 /* libJsonLiteObjC.a in Frameworks */ = {isa = PBXBuildFile; fileRef = B50155A21867A70F002AF125 /* libJsonLiteObjC.a */; };
		B5CF9AA018775D38003A2B56 /* libJsonLiteObjC.a in Frameworks */ = {isa = PBXBuildFile; fileRef = B50155A21867A70F002AF125 /* libJsonLiteObjC.a */; };
/* End PBXBuildFile section */

/* Begin PBXFileReference section */
		849E831E1776480E00D78592 /* mesh.json */ = {isa = PBXFileReference; fileEncoding = 4; lastKnownFileType = text.json; path = mesh.json; sourceTree = "<group>"; };
		84D8AA3317E9175600E11185 /* iPhoneJsonLiteARC.app */ = {isa = PBXFileReference; explicitFileType = wrapper.application; includeInIndex = 0; path = iPhoneJsonLiteARC.app; sourceTree = BUILT_PRODUCTS_DIR; };
		87E75BC915828FFA00100333 /* iPhoneJsonLite.app */ = {isa = PBXFileReference; explicitFileType = wrapper.application; includeInIndex = 0; path = iPhoneJsonLite.app; sourceTree = BUILT_PRODUCTS_DIR; };
		87E75BCD15828FFA00100333 /* UIKit.framework */ = {isa = PBXFileReference; lastKnownFileType = wrapper.framework; name = UIKit.framework; path = System/Library/Frameworks/UIKit.framework; sourceTree = SDKROOT; };
		87E75BCF15828FFA00100333 /* Foundation.framework */ = {isa = PBXFileReference; lastKnownFileType = wrapper.framework; name = Foundation.framework; path = System/Library/Frameworks/Foundation.framework; sourceTree = SDKROOT; };
		87E75BD115828FFA00100333 /* CoreGraphics.framework */ = {isa = PBXFileReference; lastKnownFileType = wrapper.framework; name = CoreGraphics.framework; path = System/Library/Frameworks/CoreGraphics.framework; sourceTree = SDKROOT; };
		87E75BD515828FFA00100333 /* iPhoneJsonLite-Info.plist */ = {isa = PBXFileReference; lastKnownFileType = text.plist.xml; path = "iPhoneJsonLite-Info.plist"; sourceTree = "<group>"; };
		87E75BD715828FFA00100333 /* en */ = {isa = PBXFileReference; lastKnownFileType = text.plist.strings; name = en; path = en.lproj/InfoPlist.strings; sourceTree = "<group>"; };
		87E75BD915828FFA00100333 /* iPhoneJsonLite-Prefix.pch */ = {isa = PBXFileReference; lastKnownFileType = sourcecode.c.h; path = "iPhoneJsonLite-Prefix.pch"; sourceTree = "<group>"; };
		87E75BDA15828FFA00100333 /* main.m */ = {isa = PBXFileReference; lastKnownFileType = sourcecode.c.objc; path = main.m; sourceTree = "<group>"; };
		87E75BE015828FFA00100333 /* en */ = {isa = PBXFileReference; lastKnownFileType = file.xib; name = en; path = en.lproj/MainWindow.xib; sourceTree = "<group>"; };
		87E75BE215828FFA00100333 /* iPhoneJsonLiteViewController.h */ = {isa = PBXFileReference; lastKnownFileType = sourcecode.c.h; path = iPhoneJsonLiteViewController.h; sourceTree = "<group>"; };
		87E75BE315828FFA00100333 /* iPhoneJsonLiteViewController.m */ = {isa = PBXFileReference; lastKnownFileType = sourcecode.c.objc; path = iPhoneJsonLiteViewController.m; sourceTree = "<group>"; };
		87E75BE615828FFA00100333 /* en */ = {isa = PBXFileReference; lastKnownFileType = file.xib; name = en; path = en.lproj/iPhoneJsonLiteViewController.xib; sourceTree = "<group>"; };
		87E75C161582907700100333 /* iPhoneJsonLiteAppDelegate.h */ = {isa = PBXFileReference; fileEncoding = 4; lastKnownFileType = sourcecode.c.h; path = iPhoneJsonLiteAppDelegate.h; sourceTree = "<group>"; };
		87E75C171582907700100333 /* iPhoneJsonLiteAppDelegate.m */ = {isa = PBXFileReference; fileEncoding = 4; lastKnownFileType = sourcecode.c.objc; path = iPhoneJsonLiteAppDelegate.m; sourceTree = "<group>"; };
		87E75C1A1582907700100333 /* json_p1.txt */ = {isa = PBXFileReference; fileEncoding = 4; lastKnownFileType = text; path = json_p1.txt; sourceTree = "<group>"; };
		87E75C1B1582907700100333 /* json_p2.txt */ = {isa = PBXFileReference; fileEncoding = 4; lastKnownFileType = text; path = json_p2.txt; sourceTree = "<group>"; };
		87E75C1C1582907700100333 /* json_p3.txt */ = {isa = PBXFileReference; fileEncoding = 4; lastKnownFileType = text; path = json_p3.txt; sourceTree = "<group>"; };
		87E75C1E1582907700100333 /* TWTimeline.h */ = {isa = PBXFileReference; fileEncoding = 4; lastKnownFileType = sourcecode.c.h; path = TWTimeline.h; sourceTree = "<group>"; };
		87E75C1F1582907700100333 /* TWTimeline.m */ = {isa = PBXFileReference; fileEncoding = 4; lastKnownFileType = sourcecode.c.objc; path = TWTimeline.m; sourceTree = "<group>"; };
		87E75C201582907700100333 /* TWUser.h */ = {isa = PBXFileReference; fileEncoding = 4; lastKnownFileType = sourcecode.c.h; path = TWUser.h; sourceTree = "<group>"; };
		87E75C211582907700100333 /* TWUser.m */ = {isa = PBXFileReference; fileEncoding = 4; lastKnownFileType = sourcecode.c.objc; path = TWUser.m; sourceTree = "<group>"; };
		87E75C2C1582A18200100333 /* twitter_public_timeline.json */ = {isa = PBXFileReference; fileEncoding = 4; lastKnownFileType = text; path = twitter_public_timeline.json; sourceTree = SOURCE_ROOT; };
		87FFFAB516286E09004AAD06 /* Default-568h@2x.png */ = {isa = PBXFileReference; lastKnownFileType = image.png; name = "Default-568h@2x.png"; path = "../Default-568h@2x.png"; sourceTree = "<group>"; };
		B50155A21867A70F002AF125 /* libJsonLiteObjC.a */ = {isa = PBXFileReference; lastKnownFileType = archive.ar; name = libJsonLiteObjC.a; path = "../../../../../Library/Developer/Xcode/DerivedData/Examples-ddjvzzmnthncywfddbuzxlgufjvl/Build/Products/Debug/libJsonLiteObjC.a"; sourceTree = "<group>"; };
/* End PBXFileReference section */

/* Begin PBXFrameworksBuildPhase section */
		84D8AA1F17E9175500E11185 /* Frameworks */ = {
			isa = PBXFrameworksBuildPhase;
			buildActionMask = 2147483647;
			files = (
				B5CF9AA018775D38003A2B56 /* libJsonLiteObjC.a in Frameworks */,
				84D8AA2117E9175500E11185 /* UIKit.framework in Frameworks */,
				84D8AA2217E9175500E11185 /* Foundation.framework in Frameworks */,
				84D8AA2317E9175500E11185 /* CoreGraphics.framework in Frameworks */,
			);
			runOnlyForDeploymentPostprocessing = 0;
		};
		87E75BC615828FFA00100333 /* Frameworks */ = {
			isa = PBXFrameworksBuildPhase;
			buildActionMask = 2147483647;
			files = (
				B50155A31867A70F002AF125 /* libJsonLiteObjC.a in Frameworks */,
				87E75BCE15828FFA00100333 /* UIKit.framework in Frameworks */,
				87E75BD015828FFA00100333 /* Foundation.framework in Frameworks */,
				87E75BD215828FFA00100333 /* CoreGraphics.framework in Frameworks */,
			);
			runOnlyForDeploymentPostprocessing = 0;
		};
/* End PBXFrameworksBuildPhase section */

/* Begin PBXGroup section */
		87E75BBE15828FF900100333 = {
			isa = PBXGroup;
			children = (
				87E75BD315828FFA00100333 /* iPhoneJsonLite */,
				87E75BCC15828FFA00100333 /* Frameworks */,
				87E75BCA15828FFA00100333 /* Products */,
			);
			sourceTree = "<group>";
		};
		87E75BCA15828FFA00100333 /* Products */ = {
			isa = PBXGroup;
			children = (
				87E75BC915828FFA00100333 /* iPhoneJsonLite.app */,
				84D8AA3317E9175600E11185 /* iPhoneJsonLiteARC.app */,
			);
			name = Products;
			sourceTree = "<group>";
		};
		87E75BCC15828FFA00100333 /* Frameworks */ = {
			isa = PBXGroup;
			children = (
				B50155A21867A70F002AF125 /* libJsonLiteObjC.a */,
				87E75BCD15828FFA00100333 /* UIKit.framework */,
				87E75BCF15828FFA00100333 /* Foundation.framework */,
				87E75BD115828FFA00100333 /* CoreGraphics.framework */,
			);
			name = Frameworks;
			sourceTree = "<group>";
		};
		87E75BD315828FFA00100333 /* iPhoneJsonLite */ = {
			isa = PBXGroup;
			children = (
				87E75BDF15828FFA00100333 /* MainWindow.xib */,
				87E75BE215828FFA00100333 /* iPhoneJsonLiteViewController.h */,
				87E75BE315828FFA00100333 /* iPhoneJsonLiteViewController.m */,
				87E75BE515828FFA00100333 /* iPhoneJsonLiteViewController.xib */,
				87E75C161582907700100333 /* iPhoneJsonLiteAppDelegate.h */,
				87E75C171582907700100333 /* iPhoneJsonLiteAppDelegate.m */,
				87E75C1A1582907700100333 /* json_p1.txt */,
				87E75C1B1582907700100333 /* json_p2.txt */,
				87E75C1C1582907700100333 /* json_p3.txt */,
				87E75C1E1582907700100333 /* TWTimeline.h */,
				87E75C1F1582907700100333 /* TWTimeline.m */,
				87E75C201582907700100333 /* TWUser.h */,
				87E75C211582907700100333 /* TWUser.m */,
				87FFFAB516286E09004AAD06 /* Default-568h@2x.png */,
				849E831E1776480E00D78592 /* mesh.json */,
				87E75C2C1582A18200100333 /* twitter_public_timeline.json */,
				87E75BD415828FFA00100333 /* Supporting Files */,
			);
			path = iPhoneJsonLite;
			sourceTree = "<group>";
		};
		87E75BD415828FFA00100333 /* Supporting Files */ = {
			isa = PBXGroup;
			children = (
				87E75BD515828FFA00100333 /* iPhoneJsonLite-Info.plist */,
				87E75BD615828FFA00100333 /* InfoPlist.strings */,
				87E75BD915828FFA00100333 /* iPhoneJsonLite-Prefix.pch */,
				87E75BDA15828FFA00100333 /* main.m */,
			);
			name = "Supporting Files";
			sourceTree = "<group>";
		};
/* End PBXGroup section */

/* Begin PBXNativeTarget section */
		84D8AA1817E9175500E11185 /* iPhoneJsonLiteARC */ = {
			isa = PBXNativeTarget;
			buildConfigurationList = 84D8AA3017E9175500E11185 /* Build configuration list for PBXNativeTarget "iPhoneJsonLiteARC" */;
			buildPhases = (
				84D8AA1917E9175500E11185 /* Sources */,
				84D8AA1F17E9175500E11185 /* Frameworks */,
				84D8AA2417E9175500E11185 /* Resources */,
			);
			buildRules = (
			);
			dependencies = (
			);
			name = iPhoneJsonLiteARC;
			productName = iPhoneJsonLite;
			productReference = 84D8AA3317E9175600E11185 /* iPhoneJsonLiteARC.app */;
			productType = "com.apple.product-type.application";
		};
		87E75BC815828FFA00100333 /* iPhoneJsonLite */ = {
			isa = PBXNativeTarget;
			buildConfigurationList = 87E75BEA15828FFA00100333 /* Build configuration list for PBXNativeTarget "iPhoneJsonLite" */;
			buildPhases = (
				87E75BC515828FFA00100333 /* Sources */,
				87E75BC615828FFA00100333 /* Frameworks */,
				87E75BC715828FFA00100333 /* Resources */,
			);
			buildRules = (
			);
			dependencies = (
			);
			name = iPhoneJsonLite;
			productName = iPhoneJsonLite;
			productReference = 87E75BC915828FFA00100333 /* iPhoneJsonLite.app */;
			productType = "com.apple.product-type.application";
		};
/* End PBXNativeTarget section */

/* Begin PBXProject section */
		87E75BC015828FF900100333 /* Project object */ = {
			isa = PBXProject;
			attributes = {
				LastUpgradeCheck = 0800;
				ORGANIZATIONNAME = "Andrii Mamchur";
			};
			buildConfigurationList = 87E75BC315828FF900100333 /* Build configuration list for PBXProject "iPhoneJsonLite" */;
			compatibilityVersion = "Xcode 3.2";
			developmentRegion = English;
			hasScannedForEncodings = 0;
			knownRegions = (
				en,
			);
			mainGroup = 87E75BBE15828FF900100333;
			productRefGroup = 87E75BCA15828FFA00100333 /* Products */;
			projectDirPath = "";
			projectRoot = "";
			targets = (
				87E75BC815828FFA00100333 /* iPhoneJsonLite */,
				84D8AA1817E9175500E11185 /* iPhoneJsonLiteARC */,
			);
		};
/* End PBXProject section */

/* Begin PBXResourcesBuildPhase section */
		84D8AA2417E9175500E11185 /* Resources */ = {
			isa = PBXResourcesBuildPhase;
			buildActionMask = 2147483647;
			files = (
				84D8AA2517E9175500E11185 /* InfoPlist.strings in Resources */,
				84D8AA2617E9175500E11185 /* MainWindow.xib in Resources */,
				84D8AA2717E9175500E11185 /* iPhoneJsonLiteViewController.xib in Resources */,
				84D8AA2817E9175500E11185 /* json_p1.txt in Resources */,
				84D8AA2917E9175500E11185 /* json_p2.txt in Resources */,
				84D8AA2A17E9175500E11185 /* json_p3.txt in Resources */,
				84D8AA2B17E9175500E11185 /* twitter_public_timeline.json in Resources */,
				84D8AA2C17E9175500E11185 /* Default-568h@2x.png in Resources */,
				84D8AA2E17E9175500E11185 /* mesh.json in Resources */,
			);
			runOnlyForDeploymentPostprocessing = 0;
		};
		87E75BC715828FFA00100333 /* Resources */ = {
			isa = PBXResourcesBuildPhase;
			buildActionMask = 2147483647;
			files = (
				87E75BD815828FFA00100333 /* InfoPlist.strings in Resources */,
				87E75BE115828FFA00100333 /* MainWindow.xib in Resources */,
				87E75BE715828FFA00100333 /* iPhoneJsonLiteViewController.xib in Resources */,
				87E75C251582907700100333 /* json_p1.txt in Resources */,
				87E75C261582907700100333 /* json_p2.txt in Resources */,
				87E75C271582907700100333 /* json_p3.txt in Resources */,
				87E75C2E1582A18200100333 /* twitter_public_timeline.json in Resources */,
				87FFFAB616286E09004AAD06 /* Default-568h@2x.png in Resources */,
				849E831F1776480E00D78592 /* mesh.json in Resources */,
			);
			runOnlyForDeploymentPostprocessing = 0;
		};
/* End PBXResourcesBuildPhase section */

/* Begin PBXSourcesBuildPhase section */
		84D8AA1917E9175500E11185 /* Sources */ = {
			isa = PBXSourcesBuildPhase;
			buildActionMask = 2147483647;
			files = (
				84D8AA1A17E9175500E11185 /* main.m in Sources */,
				84D8AA1B17E9175500E11185 /* iPhoneJsonLiteViewController.m in Sources */,
				84D8AA1C17E9175500E11185 /* iPhoneJsonLiteAppDelegate.m in Sources */,
				84D8AA1D17E9175500E11185 /* TWTimeline.m in Sources */,
				84D8AA1E17E9175500E11185 /* TWUser.m in Sources */,
			);
			runOnlyForDeploymentPostprocessing = 0;
		};
		87E75BC515828FFA00100333 /* Sources */ = {
			isa = PBXSourcesBuildPhase;
			buildActionMask = 2147483647;
			files = (
				87E75BDB15828FFA00100333 /* main.m in Sources */,
				87E75BE415828FFA00100333 /* iPhoneJsonLiteViewController.m in Sources */,
				87E75C231582907700100333 /* iPhoneJsonLiteAppDelegate.m in Sources */,
				87E75C291582907700100333 /* TWTimeline.m in Sources */,
				87E75C2A1582907700100333 /* TWUser.m in Sources */,
			);
			runOnlyForDeploymentPostprocessing = 0;
		};
/* End PBXSourcesBuildPhase section */

/* Begin PBXVariantGroup section */
		87E75BD615828FFA00100333 /* InfoPlist.strings */ = {
			isa = PBXVariantGroup;
			children = (
				87E75BD715828FFA00100333 /* en */,
			);
			name = InfoPlist.strings;
			sourceTree = "<group>";
		};
		87E75BDF15828FFA00100333 /* MainWindow.xib */ = {
			isa = PBXVariantGroup;
			children = (
				87E75BE015828FFA00100333 /* en */,
			);
			name = MainWindow.xib;
			sourceTree = "<group>";
		};
		87E75BE515828FFA00100333 /* iPhoneJsonLiteViewController.xib */ = {
			isa = PBXVariantGroup;
			children = (
				87E75BE615828FFA00100333 /* en */,
			);
			name = iPhoneJsonLiteViewController.xib;
			sourceTree = "<group>";
		};
/* End PBXVariantGroup section */

/* Begin XCBuildConfiguration section */
		84D8AA3117E9175500E11185 /* Debug */ = {
			isa = XCBuildConfiguration;
			buildSettings = {
				ALWAYS_SEARCH_USER_PATHS = NO;
				CLANG_ANALYZER_MALLOC = YES;
				CLANG_ENABLE_OBJC_ARC = YES;
				CLANG_WARN_EMPTY_BODY = YES;
				CLANG_WARN_IMPLICIT_SIGN_CONVERSION = NO;
				CLANG_WARN_SUSPICIOUS_IMPLICIT_CONVERSION = YES;
				COPY_PHASE_STRIP = NO;
				GCC_DYNAMIC_NO_PIC = NO;
				GCC_PRECOMPILE_PREFIX_HEADER = YES;
				GCC_PREFIX_HEADER = "iPhoneJsonLite/iPhoneJsonLite-Prefix.pch";
				GCC_TREAT_IMPLICIT_FUNCTION_DECLARATIONS_AS_ERRORS = YES;
				GCC_TREAT_INCOMPATIBLE_POINTER_TYPE_WARNINGS_AS_ERRORS = YES;
				GCC_VERSION = "";
				GCC_WARN_64_TO_32_BIT_CONVERSION = YES;
				GCC_WARN_ABOUT_MISSING_FIELD_INITIALIZERS = YES;
				GCC_WARN_ABOUT_MISSING_NEWLINE = YES;
				GCC_WARN_ABOUT_MISSING_PROTOTYPES = YES;
				GCC_WARN_FOUR_CHARACTER_CONSTANTS = YES;
				GCC_WARN_INITIALIZER_NOT_FULLY_BRACKETED = YES;
				GCC_WARN_PEDANTIC = NO;
				GCC_WARN_SHADOW = YES;
				GCC_WARN_SIGN_COMPARE = NO;
				GCC_WARN_UNINITIALIZED_AUTOS = YES;
				GCC_WARN_UNKNOWN_PRAGMAS = YES;
				GCC_WARN_UNUSED_FUNCTION = YES;
				GCC_WARN_UNUSED_LABEL = YES;
				GCC_WARN_UNUSED_PARAMETER = NO;
				INFOPLIST_FILE = "iPhoneJsonLite/iPhoneJsonLite-Info.plist";
				LIBRARY_SEARCH_PATHS = "$(inherited)";
				PRODUCT_BUNDLE_IDENTIFIER = "Andriy-Mamchur.${PRODUCT_NAME:rfc1034identifier}";
				PRODUCT_NAME = iPhoneJsonLiteARC;
				WRAPPER_EXTENSION = app;
			};
			name = Debug;
		};
		84D8AA3217E9175500E11185 /* Release */ = {
			isa = XCBuildConfiguration;
			buildSettings = {
				ALWAYS_SEARCH_USER_PATHS = NO;
				CLANG_ANALYZER_MALLOC = YES;
				CLANG_ENABLE_OBJC_ARC = YES;
				CLANG_WARN_EMPTY_BODY = YES;
				CLANG_WARN_IMPLICIT_SIGN_CONVERSION = NO;
				CLANG_WARN_SUSPICIOUS_IMPLICIT_CONVERSION = YES;
				COPY_PHASE_STRIP = YES;
				GCC_OPTIMIZATION_LEVEL = 3;
				GCC_PRECOMPILE_PREFIX_HEADER = YES;
				GCC_PREFIX_HEADER = "iPhoneJsonLite/iPhoneJsonLite-Prefix.pch";
				GCC_TREAT_IMPLICIT_FUNCTION_DECLARATIONS_AS_ERRORS = YES;
				GCC_TREAT_INCOMPATIBLE_POINTER_TYPE_WARNINGS_AS_ERRORS = YES;
				GCC_VERSION = "";
				GCC_WARN_64_TO_32_BIT_CONVERSION = YES;
				GCC_WARN_ABOUT_MISSING_FIELD_INITIALIZERS = YES;
				GCC_WARN_ABOUT_MISSING_NEWLINE = YES;
				GCC_WARN_ABOUT_MISSING_PROTOTYPES = YES;
				GCC_WARN_FOUR_CHARACTER_CONSTANTS = YES;
				GCC_WARN_INITIALIZER_NOT_FULLY_BRACKETED = YES;
				GCC_WARN_PEDANTIC = NO;
				GCC_WARN_SHADOW = YES;
				GCC_WARN_SIGN_COMPARE = NO;
				GCC_WARN_UNINITIALIZED_AUTOS = YES;
				GCC_WARN_UNKNOWN_PRAGMAS = YES;
				GCC_WARN_UNUSED_FUNCTION = YES;
				GCC_WARN_UNUSED_LABEL = YES;
				GCC_WARN_UNUSED_PARAMETER = NO;
				INFOPLIST_FILE = "iPhoneJsonLite/iPhoneJsonLite-Info.plist";
				LIBRARY_SEARCH_PATHS = "$(inherited)";
				PRODUCT_BUNDLE_IDENTIFIER = "Andriy-Mamchur.${PRODUCT_NAME:rfc1034identifier}";
				PRODUCT_NAME = iPhoneJsonLiteARC;
				VALIDATE_PRODUCT = YES;
				WRAPPER_EXTENSION = app;
			};
			name = Release;
		};
		87E75BE815828FFA00100333 /* Debug */ = {
			isa = XCBuildConfiguration;
			buildSettings = {
				CLANG_ANALYZER_MALLOC = NO;
				"CODE_SIGN_IDENTITY[sdk=iphoneos*]" = "iPhone Developer";
				ENABLE_TESTABILITY = YES;
				GCC_C_LANGUAGE_STANDARD = gnu99;
				GCC_OPTIMIZATION_LEVEL = 0;
				GCC_PREPROCESSOR_DEFINITIONS = DEBUG;
				GCC_SYMBOLS_PRIVATE_EXTERN = NO;
				GCC_VERSION = com.apple.compilers.llvmgcc42;
				GCC_WARN_ABOUT_RETURN_TYPE = YES;
				GCC_WARN_UNUSED_VARIABLE = YES;
				IPHONEOS_DEPLOYMENT_TARGET = 8.0;
				ONLY_ACTIVE_ARCH = YES;
				SDKROOT = iphoneos;
			};
			name = Debug;
		};
		87E75BE915828FFA00100333 /* Release */ = {
			isa = XCBuildConfiguration;
			buildSettings = {
				CLANG_ANALYZER_MALLOC = NO;
				"CODE_SIGN_IDENTITY[sdk=iphoneos*]" = "iPhone Developer";
				GCC_C_LANGUAGE_STANDARD = gnu99;
				GCC_VERSION = com.apple.compilers.llvmgcc42;
				GCC_WARN_ABOUT_RETURN_TYPE = YES;
				GCC_WARN_UNUSED_VARIABLE = YES;
				IPHONEOS_DEPLOYMENT_TARGET = 8.0;
				OTHER_CFLAGS = "-DNS_BLOCK_ASSERTIONS=1";
				SDKROOT = iphoneos;
			};
			name = Release;
		};
		87E75BEB15828FFA00100333 /* Debug */ = {
			isa = XCBuildConfiguration;
			buildSettings = {
				ALWAYS_SEARCH_USER_PATHS = NO;
				CLANG_ANALYZER_MALLOC = YES;
				CLANG_WARN_EMPTY_BODY = YES;
				CLANG_WARN_IMPLICIT_SIGN_CONVERSION = NO;
				CLANG_WARN_SUSPICIOUS_IMPLICIT_CONVERSION = YES;
				COPY_PHASE_STRIP = NO;
				GCC_DYNAMIC_NO_PIC = NO;
				GCC_PRECOMPILE_PREFIX_HEADER = YES;
				GCC_PREFIX_HEADER = "iPhoneJsonLite/iPhoneJsonLite-Prefix.pch";
				GCC_TREAT_IMPLICIT_FUNCTION_DECLARATIONS_AS_ERRORS = YES;
				GCC_TREAT_INCOMPATIBLE_POINTER_TYPE_WARNINGS_AS_ERRORS = YES;
				GCC_VERSION = "";
				GCC_WARN_64_TO_32_BIT_CONVERSION = YES;
				GCC_WARN_ABOUT_MISSING_FIELD_INITIALIZERS = YES;
				GCC_WARN_ABOUT_MISSING_NEWLINE = YES;
				GCC_WARN_ABOUT_MISSING_PROTOTYPES = YES;
				GCC_WARN_FOUR_CHARACTER_CONSTANTS = YES;
				GCC_WARN_INITIALIZER_NOT_FULLY_BRACKETED = YES;
				GCC_WARN_PEDANTIC = NO;
				GCC_WARN_SHADOW = YES;
				GCC_WARN_SIGN_COMPARE = NO;
				GCC_WARN_UNINITIALIZED_AUTOS = YES;
				GCC_WARN_UNKNOWN_PRAGMAS = YES;
				GCC_WARN_UNUSED_FUNCTION = YES;
				GCC_WARN_UNUSED_LABEL = YES;
				GCC_WARN_UNUSED_PARAMETER = NO;
				INFOPLIST_FILE = "iPhoneJsonLite/iPhoneJsonLite-Info.plist";
				LIBRARY_SEARCH_PATHS = "$(inherited)";
				PRODUCT_BUNDLE_IDENTIFIER = "Andriy-Mamchur.${PRODUCT_NAME:rfc1034identifier}";
				PRODUCT_NAME = "$(TARGET_NAME)";
				WRAPPER_EXTENSION = app;
			};
			name = Debug;
		};
		87E75BEC15828FFA00100333 /* Release */ = {
			isa = XCBuildConfiguration;
			buildSettings = {
				ALWAYS_SEARCH_USER_PATHS = NO;
				CLANG_ANALYZER_MALLOC = YES;
				CLANG_WARN_EMPTY_BODY = YES;
				CLANG_WARN_IMPLICIT_SIGN_CONVERSION = NO;
				CLANG_WARN_SUSPICIOUS_IMPLICIT_CONVERSION = YES;
				COPY_PHASE_STRIP = YES;
				GCC_OPTIMIZATION_LEVEL = 3;
				GCC_PRECOMPILE_PREFIX_HEADER = YES;
				GCC_PREFIX_HEADER = "iPhoneJsonLite/iPhoneJsonLite-Prefix.pch";
				GCC_TREAT_IMPLICIT_FUNCTION_DECLARATIONS_AS_ERRORS = YES;
				GCC_TREAT_INCOMPATIBLE_POINTER_TYPE_WARNINGS_AS_ERRORS = YES;
				GCC_VERSION = "";
				GCC_WARN_64_TO_32_BIT_CONVERSION = YES;
				GCC_WARN_ABOUT_MISSING_FIELD_INITIALIZERS = YES;
				GCC_WARN_ABOUT_MISSING_NEWLINE = YES;
				GCC_WARN_ABOUT_MISSING_PROTOTYPES = YES;
				GCC_WARN_FOUR_CHARACTER_CONSTANTS = YES;
				GCC_WARN_INITIALIZER_NOT_FULLY_BRACKETED = YES;
				GCC_WARN_PEDANTIC = NO;
				GCC_WARN_SHADOW = YES;
				GCC_WARN_SIGN_COMPARE = NO;
				GCC_WARN_UNINITIALIZED_AUTOS = YES;
				GCC_WARN_UNKNOWN_PRAGMAS = YES;
				GCC_WARN_UNUSED_FUNCTION = YES;
				GCC_WARN_UNUSED_LABEL = YES;
				GCC_WARN_UNUSED_PARAMETER = NO;
				INFOPLIST_FILE = "iPhoneJsonLite/iPhoneJsonLite-Info.plist";
				LIBRARY_SEARCH_PATHS = "$(inherited)";
				PRODUCT_BUNDLE_IDENTIFIER = "Andriy-Mamchur.${PRODUCT_NAME:rfc1034identifier}";
				PRODUCT_NAME = "$(TARGET_NAME)";
				VALIDATE_PRODUCT = YES;
				WRAPPER_EXTENSION = app;
			};
			name = Release;
		};
/* End XCBuildConfiguration section */

/* Begin XCConfigurationList section */
		84D8AA3017E9175500E11185 /* Build configuration list for PBXNativeTarget "iPhoneJsonLiteARC" */ = {
			isa = XCConfigurationList;
			buildConfigurations = (
				84D8AA3117E9175500E11185 /* Debug */,
				84D8AA3217E9175500E11185 /* Release */,
			);
			defaultConfigurationIsVisible = 0;
			defaultConfigurationName = Release;
		};
		87E75BC315828FF900100333 /* Build configuration list for PBXProject "iPhoneJsonLite" */ = {
			isa = XCConfigurationList;
			buildConfigurations = (
				87E75BE815828FFA00100333 /* Debug */,
				87E75BE915828FFA00100333 /* Release */,
			);
			defaultConfigurationIsVisible = 0;
			defaultConfigurationName = Release;
		};
		87E75BEA15828FFA00100333 /* Build configuration list for PBXNativeTarget "iPhoneJsonLite" */ = {
			isa = XCConfigurationList;
			buildConfigurations = (
				87E75BEB15828FFA00100333 /* Debug */,
				87E75BEC15828FFA00100333 /* Release */,
			);
			defaultConfigurationIsVisible = 0;
			defaultConfigurationName = Release;
		};
/* End XCConfigurationList section */
	};
	rootObject = 87E75BC015828FF900100333 /* Project object */;
}
