// !$*UTF8*$!
{
	archiveVersion = 1;
	classes = {
	};
	objectVersion = 46;
	objects = {

/* Begin PBXBuildFile section */
		844796CF17881CFD00833C1E /* Foundation.framework in Frameworks */ = {isa = PBXBuildFile; fileRef = 844796CE17881CFD00833C1E /* Foundation.framework */; };
		844796D217881CFD00833C1E /* main.m in Sources */ = {isa = PBXBuildFile; fileRef = 844796D117881CFD00833C1E /* main.m */; };
		844796D617881CFD00833C1E /* JsonAndModel.1 in CopyFiles */ = {isa = PBXBuildFile; fileRef = 844796D517881CFD00833C1E /* JsonAndModel.1 */; };
		B50155A51867A72C002AF125 /* libJsonLiteObjC.a in Frameworks */ = {isa = PBXBuildFile; fileRef = B50155A41867A72C002AF125 /* libJsonLiteObjC.a */; };
/* End PBXBuildFile section */

/* Begin PBXCopyFilesBuildPhase section */
		844796C917881CFD00833C1E /* CopyFiles */ = {
			isa = PBXCopyFilesBuildPhase;
			buildActionMask = 2147483647;
			dstPath = /usr/share/man/man1/;
			dstSubfolderSpec = 0;
			files = (
				844796D617881CFD00833C1E /* JsonAndModel.1 in CopyFiles */,
			);
			runOnlyForDeploymentPostprocessing = 1;
		};
/* End PBXCopyFilesBuildPhase section */

/* Begin PBXFileReference section */
		844796CB17881CFD00833C1E /* JsonAndModel */ = {isa = PBXFileReference; explicitFileType = "compiled.mach-o.executable"; includeInIndex = 0; path = JsonAndModel; sourceTree = BUILT_PRODUCTS_DIR; };
		844796CE17881CFD00833C1E /* Foundation.framework */ = {isa = PBXFileReference; lastKnownFileType = wrapper.framework; name = Foundation.framework; path = System/Library/Frameworks/Foundation.framework; sourceTree = SDKROOT; };
		844796D117881CFD00833C1E /* main.m */ = {isa = PBXFileReference; lastKnownFileType = sourcecode.c.objc; path = main.m; sourceTree = "<group>"; };
		844796D417881CFD00833C1E /* JsonAndModel-Prefix.pch */ = {isa = PBXFileReference; lastKnownFileType = sourcecode.c.h; path = "JsonAndModel-Prefix.pch"; sourceTree = "<group>"; };
		844796D517881CFD00833C1E /* JsonAndModel.1 */ = {isa = PBXFileReference; lastKnownFileType = text.man; path = JsonAndModel.1; sourceTree = "<group>"; };
		B50155A41867A72C002AF125 /* libJsonLiteObjC.a */ = {isa = PBXFileReference; lastKnownFileType = file; name = libJsonLiteObjC.a; path = "../../platform/ios/build/Debug-iphoneos/libJsonLiteObjC.a"; sourceTree = "<group>"; };
/* End PBXFileReference section */

/* Begin PBXFrameworksBuildPhase section */
		844796C817881CFD00833C1E /* Frameworks */ = {
			isa = PBXFrameworksBuildPhase;
			buildActionMask = 2147483647;
			files = (
				B50155A51867A72C002AF125 /* libJsonLiteObjC.a in Frameworks */,
				844796CF17881CFD00833C1E /* Foundation.framework in Frameworks */,
			);
			runOnlyForDeploymentPostprocessing = 0;
		};
/* End PBXFrameworksBuildPhase section */

/* Begin PBXGroup section */
		844796C217881CFD00833C1E = {
			isa = PBXGroup;
			children = (
				844796D017881CFD00833C1E /* JsonAndModel */,
				844796CD17881CFD00833C1E /* Frameworks */,
				844796CC17881CFD00833C1E /* Products */,
			);
			sourceTree = "<group>";
		};
		844796CC17881CFD00833C1E /* Products */ = {
			isa = PBXGroup;
			children = (
				844796CB17881CFD00833C1E /* JsonAndModel */,
			);
			name = Products;
			sourceTree = "<group>";
		};
		844796CD17881CFD00833C1E /* Frameworks */ = {
			isa = PBXGroup;
			children = (
				B50155A41867A72C002AF125 /* libJsonLiteObjC.a */,
				844796CE17881CFD00833C1E /* Foundation.framework */,
			);
			name = Frameworks;
			sourceTree = "<group>";
		};
		844796D017881CFD00833C1E /* JsonAndModel */ = {
			isa = PBXGroup;
			children = (
				844796D117881CFD00833C1E /* main.m */,
				844796D517881CFD00833C1E /* JsonAndModel.1 */,
				844796D317881CFD00833C1E /* Supporting Files */,
			);
			path = JsonAndModel;
			sourceTree = "<group>";
		};
		844796D317881CFD00833C1E /* Supporting Files */ = {
			isa = PBXGroup;
			children = (
				844796D417881CFD00833C1E /* JsonAndModel-Prefix.pch */,
			);
			name = "Supporting Files";
			sourceTree = "<group>";
		};
/* End PBXGroup section */

/* Begin PBXNativeTarget section */
		844796CA17881CFD00833C1E /* JsonAndModel */ = {
			isa = PBXNativeTarget;
			buildConfigurationList = 844796D917881CFD00833C1E /* Build configuration list for PBXNativeTarget "JsonAndModel" */;
			buildPhases = (
				844796C717881CFD00833C1E /* Sources */,
				844796C817881CFD00833C1E /* Frameworks */,
				844796C917881CFD00833C1E /* CopyFiles */,
			);
			buildRules = (
			);
			dependencies = (
			);
			name = JsonAndModel;
			productName = JsonAndModel;
			productReference = 844796CB17881CFD00833C1E /* JsonAndModel */;
			productType = "com.apple.product-type.tool";
		};
/* End PBXNativeTarget section */

/* Begin PBXProject section */
		844796C317881CFD00833C1E /* Project object */ = {
			isa = PBXProject;
			attributes = {
				LastUpgradeCheck = 0460;
				ORGANIZATIONNAME = "Andrii Mamchur";
			};
			buildConfigurationList = 844796C617881CFD00833C1E /* Build configuration list for PBXProject "JsonAndModel" */;
			compatibilityVersion = "Xcode 3.2";
			developmentRegion = English;
			hasScannedForEncodings = 0;
			knownRegions = (
				en,
			);
			mainGroup = 844796C217881CFD00833C1E;
			productRefGroup = 844796CC17881CFD00833C1E /* Products */;
			projectDirPath = "";
			projectRoot = "";
			targets = (
				844796CA17881CFD00833C1E /* JsonAndModel */,
			);
		};
/* End PBXProject section */

/* Begin PBXSourcesBuildPhase section */
		844796C717881CFD00833C1E /* Sources */ = {
			isa = PBXSourcesBuildPhase;
			buildActionMask = 2147483647;
			files = (
				844796D217881CFD00833C1E /* main.m in Sources */,
			);
			runOnlyForDeploymentPostprocessing = 0;
		};
/* End PBXSourcesBuildPhase section */

/* Begin XCBuildConfiguration section */
		844796D717881CFD00833C1E /* Debug */ = {
			isa = XCBuildConfiguration;
			buildSettings = {
				ALWAYS_SEARCH_USER_PATHS = NO;
				ARCHS = "$(ARCHS_STANDARD_64_BIT)";
				CLANG_CXX_LANGUAGE_STANDARD = "gnu++0x";
				CLANG_CXX_LIBRARY = "libc++";
				CLANG_WARN_CONSTANT_CONVERSION = YES;
				CLANG_WARN_EMPTY_BODY = YES;
				CLANG_WARN_ENUM_CONVERSION = YES;
				CLANG_WARN_INT_CONVERSION = YES;
				CLANG_WARN__DUPLICATE_METHOD_MATCH = YES;
				COPY_PHASE_STRIP = NO;
				GCC_C_LANGUAGE_STANDARD = gnu99;
				GCC_DYNAMIC_NO_PIC = NO;
				GCC_ENABLE_OBJC_EXCEPTIONS = YES;
				GCC_OPTIMIZATION_LEVEL = 0;
				GCC_PREPROCESSOR_DEFINITIONS = (
					"DEBUG=1",
					"$(inherited)",
				);
				GCC_SYMBOLS_PRIVATE_EXTERN = NO;
				GCC_WARN_64_TO_32_BIT_CONVERSION = YES;
				GCC_WARN_ABOUT_RETURN_TYPE = YES;
				GCC_WARN_UNINITIALIZED_AUTOS = YES;
				GCC_WARN_UNUSED_VARIABLE = YES;
				MACOSX_DEPLOYMENT_TARGET = 10.8;
				ONLY_ACTIVE_ARCH = YES;
				SDKROOT = macosx;
			};
			name = Debug;
		};
		844796D817881CFD00833C1E /* Release */ = {
			isa = XCBuildConfiguration;
			buildSettings = {
				ALWAYS_SEARCH_USER_PATHS = NO;
				ARCHS = "$(ARCHS_STANDARD_64_BIT)";
				CLANG_CXX_LANGUAGE_STANDARD = "gnu++0x";
				CLANG_CXX_LIBRARY = "libc++";
				CLANG_WARN_CONSTANT_CONVERSION = YES;
				CLANG_WARN_EMPTY_BODY = YES;
				CLANG_WARN_ENUM_CONVERSION = YES;
				CLANG_WARN_INT_CONVERSION = YES;
				CLANG_WARN__DUPLICATE_METHOD_MATCH = YES;
				COPY_PHASE_STRIP = YES;
				DEBUG_INFORMATION_FORMAT = "dwarf-with-dsym";
				GCC_C_LANGUAGE_STANDARD = gnu99;
				GCC_ENABLE_OBJC_EXCEPTIONS = YES;
				GCC_WARN_64_TO_32_BIT_CONVERSION = YES;
				GCC_WARN_ABOUT_RETURN_TYPE = YES;
				GCC_WARN_UNINITIALIZED_AUTOS = YES;
				GCC_WARN_UNUSED_VARIABLE = YES;
				MACOSX_DEPLOYMENT_TARGET = 10.8;
				SDKROOT = macosx;
			};
			name = Release;
		};
		844796DA17881CFD00833C1E /* Debug */ = {
			isa = XCBuildConfiguration;
			buildSettings = {
				GCC_PRECOMPILE_PREFIX_HEADER = YES;
				GCC_PREFIX_HEADER = "JsonAndModel/JsonAndModel-Prefix.pch";
				PRODUCT_NAME = "$(TARGET_NAME)";
			};
			name = Debug;
		};
		844796DB17881CFD00833C1E /* Release */ = {
			isa = XCBuildConfiguration;
			buildSettings = {
				GCC_PRECOMPILE_PREFIX_HEADER = YES;
				GCC_PREFIX_HEADER = "JsonAndModel/JsonAndModel-Prefix.pch";
				PRODUCT_NAME = "$(TARGET_NAME)";
			};
			name = Release;
		};
/* End XCBuildConfiguration section */

/* Begin XCConfigurationList section */
		844796C617881CFD00833C1E /* Build configuration list for PBXProject "JsonAndModel" */ = {
			isa = XCConfigurationList;
			buildConfigurations = (
				844796D717881CFD00833C1E /* Debug */,
				844796D817881CFD00833C1E /* Release */,
			);
			defaultConfigurationIsVisible = 0;
			defaultConfigurationName = Release;
		};
		844796D917881CFD00833C1E /* Build configuration list for PBXNativeTarget "JsonAndModel" */ = {
			isa = XCConfigurationList;
			buildConfigurations = (
				844796DA17881CFD00833C1E /* Debug */,
				844796DB17881CFD00833C1E /* Release */,
			);
			defaultConfigurationIsVisible = 0;
			defaultConfigurationName = Release;
		};
/* End XCConfigurationList section */
	};
	rootObject = 844796C317881CFD00833C1E /* Project object */;
}
