// !$*UTF8*$!
{
	archiveVersion = 1;
	classes = {
	};
	objectVersion = 46;
	objects = {

/* Begin PBXBuildFile section */
		84479713178820D600833C1E /* Foundation.framework in Frameworks */ = {isa = PBXBuildFile; fileRef = 84479712178820D600833C1E /* Foundation.framework */; };
		84479716178820D600833C1E /* main.m in Sources */ = {isa = PBXBuildFile; fileRef = 84479715178820D600833C1E /* main.m */; };
		8447971A178820D700833C1E /* DecimalNumber.1 in CopyFiles */ = {isa = PBXBuildFile; fileRef = 84479719178820D700833C1E /* DecimalNumber.1 */; };
		8447973E178820E100833C1E /* jsonlite_builder.c in Sources */ = {isa = PBXBuildFile; fileRef = 8447972A178820E100833C1E /* jsonlite_builder.c */; };
		8447973F178820E100833C1E /* jsonlite_hash.c in Sources */ = {isa = PBXBuildFile; fileRef = 8447972B178820E100833C1E /* jsonlite_hash.c */; };
		84479740178820E100833C1E /* jsonlite_parser.c in Sources */ = {isa = PBXBuildFile; fileRef = 8447972C178820E100833C1E /* jsonlite_parser.c */; };
		84479741178820E100833C1E /* jsonlite_token.c in Sources */ = {isa = PBXBuildFile; fileRef = 8447972D178820E100833C1E /* jsonlite_token.c */; };
		84479742178820E100833C1E /* jsonlite_token_pool.c in Sources */ = {isa = PBXBuildFile; fileRef = 8447972E178820E100833C1E /* jsonlite_token_pool.c */; };
		84479743178820E100833C1E /* JsonLiteAccumulator.m in Sources */ = {isa = PBXBuildFile; fileRef = 84479731178820E100833C1E /* JsonLiteAccumulator.m */; };
		84479744178820E100833C1E /* JsonLiteCollections.m in Sources */ = {isa = PBXBuildFile; fileRef = 84479733178820E100833C1E /* JsonLiteCollections.m */; };
		84479745178820E100833C1E /* JsonLiteConverters.m in Sources */ = {isa = PBXBuildFile; fileRef = 84479735178820E100833C1E /* JsonLiteConverters.m */; };
		84479746178820E100833C1E /* JsonLiteDeserializer.m in Sources */ = {isa = PBXBuildFile; fileRef = 84479737178820E100833C1E /* JsonLiteDeserializer.m */; };
		84479747178820E100833C1E /* JsonLiteMetaData.m in Sources */ = {isa = PBXBuildFile; fileRef = 84479739178820E100833C1E /* JsonLiteMetaData.m */; };
		84479748178820E100833C1E /* JsonLiteParser.m in Sources */ = {isa = PBXBuildFile; fileRef = 8447973B178820E100833C1E /* JsonLiteParser.m */; };
		84479749178820E100833C1E /* JsonLiteSerializer.m in Sources */ = {isa = PBXBuildFile; fileRef = 8447973D178820E100833C1E /* JsonLiteSerializer.m */; };
/* End PBXBuildFile section */

/* Begin PBXCopyFilesBuildPhase section */
		8447970D178820D600833C1E /* CopyFiles */ = {
			isa = PBXCopyFilesBuildPhase;
			buildActionMask = 2147483647;
			dstPath = /usr/share/man/man1/;
			dstSubfolderSpec = 0;
			files = (
				8447971A178820D700833C1E /* DecimalNumber.1 in CopyFiles */,
			);
			runOnlyForDeploymentPostprocessing = 1;
		};
/* End PBXCopyFilesBuildPhase section */

/* Begin PBXFileReference section */
		8447970F178820D600833C1E /* DecimalNumber */ = {isa = PBXFileReference; explicitFileType = "compiled.mach-o.executable"; includeInIndex = 0; path = DecimalNumber; sourceTree = BUILT_PRODUCTS_DIR; };
		84479712178820D600833C1E /* Foundation.framework */ = {isa = PBXFileReference; lastKnownFileType = wrapper.framework; name = Foundation.framework; path = System/Library/Frameworks/Foundation.framework; sourceTree = SDKROOT; };
		84479715178820D600833C1E /* main.m */ = {isa = PBXFileReference; lastKnownFileType = sourcecode.c.objc; path = main.m; sourceTree = "<group>"; };
		84479718178820D700833C1E /* DecimalNumber-Prefix.pch */ = {isa = PBXFileReference; lastKnownFileType = sourcecode.c.h; path = "DecimalNumber-Prefix.pch"; sourceTree = "<group>"; };
		84479719178820D700833C1E /* DecimalNumber.1 */ = {isa = PBXFileReference; lastKnownFileType = text.man; path = DecimalNumber.1; sourceTree = "<group>"; };
		84479722178820E000833C1E /* jsonlite.h */ = {isa = PBXFileReference; fileEncoding = 4; lastKnownFileType = sourcecode.c.h; path = jsonlite.h; sourceTree = "<group>"; };
		84479723178820E000833C1E /* jsonlite_builder.h */ = {isa = PBXFileReference; fileEncoding = 4; lastKnownFileType = sourcecode.c.h; path = jsonlite_builder.h; sourceTree = "<group>"; };
		84479724178820E000833C1E /* jsonlite_hash.h */ = {isa = PBXFileReference; fileEncoding = 4; lastKnownFileType = sourcecode.c.h; path = jsonlite_hash.h; sourceTree = "<group>"; };
		84479725178820E000833C1E /* jsonlite_parser.h */ = {isa = PBXFileReference; fileEncoding = 4; lastKnownFileType = sourcecode.c.h; path = jsonlite_parser.h; sourceTree = "<group>"; };
		84479726178820E100833C1E /* jsonlite_token.h */ = {isa = PBXFileReference; fileEncoding = 4; lastKnownFileType = sourcecode.c.h; path = jsonlite_token.h; sourceTree = "<group>"; };
		84479727178820E100833C1E /* jsonlite_token_pool.h */ = {isa = PBXFileReference; fileEncoding = 4; lastKnownFileType = sourcecode.c.h; path = jsonlite_token_pool.h; sourceTree = "<group>"; };
		84479728178820E100833C1E /* jsonlite_types.h */ = {isa = PBXFileReference; fileEncoding = 4; lastKnownFileType = sourcecode.c.h; path = jsonlite_types.h; sourceTree = "<group>"; };
		8447972A178820E100833C1E /* jsonlite_builder.c */ = {isa = PBXFileReference; fileEncoding = 4; lastKnownFileType = sourcecode.c.c; path = jsonlite_builder.c; sourceTree = "<group>"; };
		8447972B178820E100833C1E /* jsonlite_hash.c */ = {isa = PBXFileReference; fileEncoding = 4; lastKnownFileType = sourcecode.c.c; path = jsonlite_hash.c; sourceTree = "<group>"; };
		8447972C178820E100833C1E /* jsonlite_parser.c */ = {isa = PBXFileReference; fileEncoding = 4; lastKnownFileType = sourcecode.c.c; path = jsonlite_parser.c; sourceTree = "<group>"; };
		8447972D178820E100833C1E /* jsonlite_token.c */ = {isa = PBXFileReference; fileEncoding = 4; lastKnownFileType = sourcecode.c.c; path = jsonlite_token.c; sourceTree = "<group>"; };
		8447972E178820E100833C1E /* jsonlite_token_pool.c */ = {isa = PBXFileReference; fileEncoding = 4; lastKnownFileType = sourcecode.c.c; path = jsonlite_token_pool.c; sourceTree = "<group>"; };
		84479730178820E100833C1E /* JsonLiteAccumulator.h */ = {isa = PBXFileReference; fileEncoding = 4; lastKnownFileType = sourcecode.c.h; path = JsonLiteAccumulator.h; sourceTree = "<group>"; };
		84479731178820E100833C1E /* JsonLiteAccumulator.m */ = {isa = PBXFileReference; fileEncoding = 4; lastKnownFileType = sourcecode.c.objc; path = JsonLiteAccumulator.m; sourceTree = "<group>"; };
		84479732178820E100833C1E /* JsonLiteCollections.h */ = {isa = PBXFileReference; fileEncoding = 4; lastKnownFileType = sourcecode.c.h; path = JsonLiteCollections.h; sourceTree = "<group>"; };
		84479733178820E100833C1E /* JsonLiteCollections.m */ = {isa = PBXFileReference; fileEncoding = 4; lastKnownFileType = sourcecode.c.objc; path = JsonLiteCollections.m; sourceTree = "<group>"; };
		84479734178820E100833C1E /* JsonLiteConverters.h */ = {isa = PBXFileReference; fileEncoding = 4; lastKnownFileType = sourcecode.c.h; path = JsonLiteConverters.h; sourceTree = "<group>"; };
		84479735178820E100833C1E /* JsonLiteConverters.m */ = {isa = PBXFileReference; fileEncoding = 4; lastKnownFileType = sourcecode.c.objc; path = JsonLiteConverters.m; sourceTree = "<group>"; };
		84479736178820E100833C1E /* JsonLiteDeserializer.h */ = {isa = PBXFileReference; fileEncoding = 4; lastKnownFileType = sourcecode.c.h; path = JsonLiteDeserializer.h; sourceTree = "<group>"; };
		84479737178820E100833C1E /* JsonLiteDeserializer.m */ = {isa = PBXFileReference; fileEncoding = 4; lastKnownFileType = sourcecode.c.objc; path = JsonLiteDeserializer.m; sourceTree = "<group>"; };
		84479738178820E100833C1E /* JsonLiteMetaData.h */ = {isa = PBXFileReference; fileEncoding = 4; lastKnownFileType = sourcecode.c.h; path = JsonLiteMetaData.h; sourceTree = "<group>"; };
		84479739178820E100833C1E /* JsonLiteMetaData.m */ = {isa = PBXFileReference; fileEncoding = 4; lastKnownFileType = sourcecode.c.objc; path = JsonLiteMetaData.m; sourceTree = "<group>"; };
		8447973A178820E100833C1E /* JsonLiteParser.h */ = {isa = PBXFileReference; fileEncoding = 4; lastKnownFileType = sourcecode.c.h; path = JsonLiteParser.h; sourceTree = "<group>"; };
		8447973B178820E100833C1E /* JsonLiteParser.m */ = {isa = PBXFileReference; fileEncoding = 4; lastKnownFileType = sourcecode.c.objc; path = JsonLiteParser.m; sourceTree = "<group>"; };
		8447973C178820E100833C1E /* JsonLiteSerializer.h */ = {isa = PBXFileReference; fileEncoding = 4; lastKnownFileType = sourcecode.c.h; path = JsonLiteSerializer.h; sourceTree = "<group>"; };
		8447973D178820E100833C1E /* JsonLiteSerializer.m */ = {isa = PBXFileReference; fileEncoding = 4; lastKnownFileType = sourcecode.c.objc; path = JsonLiteSerializer.m; sourceTree = "<group>"; };
/* End PBXFileReference section */

/* Begin PBXFrameworksBuildPhase section */
		8447970C178820D600833C1E /* Frameworks */ = {
			isa = PBXFrameworksBuildPhase;
			buildActionMask = 2147483647;
			files = (
				84479713178820D600833C1E /* Foundation.framework in Frameworks */,
			);
			runOnlyForDeploymentPostprocessing = 0;
		};
/* End PBXFrameworksBuildPhase section */

/* Begin PBXGroup section */
		84479706178820D600833C1E = {
			isa = PBXGroup;
			children = (
				84479714178820D600833C1E /* DecimalNumber */,
				84479711178820D600833C1E /* Frameworks */,
				84479710178820D600833C1E /* Products */,
			);
			sourceTree = "<group>";
		};
		84479710178820D600833C1E /* Products */ = {
			isa = PBXGroup;
			children = (
				8447970F178820D600833C1E /* DecimalNumber */,
			);
			name = Products;
			sourceTree = "<group>";
		};
		84479711178820D600833C1E /* Frameworks */ = {
			isa = PBXGroup;
			children = (
				84479712178820D600833C1E /* Foundation.framework */,
			);
			name = Frameworks;
			sourceTree = "<group>";
		};
		84479714178820D600833C1E /* DecimalNumber */ = {
			isa = PBXGroup;
			children = (
				84479720178820E000833C1E /* jsonlite */,
				8447972F178820E100833C1E /* objc */,
				84479715178820D600833C1E /* main.m */,
				84479719178820D700833C1E /* DecimalNumber.1 */,
				84479717178820D700833C1E /* Supporting Files */,
			);
			path = DecimalNumber;
			sourceTree = "<group>";
		};
		84479717178820D700833C1E /* Supporting Files */ = {
			isa = PBXGroup;
			children = (
				84479718178820D700833C1E /* DecimalNumber-Prefix.pch */,
			);
			name = "Supporting Files";
			sourceTree = "<group>";
		};
		84479720178820E000833C1E /* jsonlite */ = {
			isa = PBXGroup;
			children = (
				84479721178820E000833C1E /* include */,
				84479729178820E100833C1E /* src */,
			);
			name = jsonlite;
			path = ../../../jsonlite;
			sourceTree = "<group>";
		};
		84479721178820E000833C1E /* include */ = {
			isa = PBXGroup;
			children = (
				84479722178820E000833C1E /* jsonlite.h */,
				84479723178820E000833C1E /* jsonlite_builder.h */,
				84479724178820E000833C1E /* jsonlite_hash.h */,
				84479725178820E000833C1E /* jsonlite_parser.h */,
				84479726178820E100833C1E /* jsonlite_token.h */,
				84479727178820E100833C1E /* jsonlite_token_pool.h */,
				84479728178820E100833C1E /* jsonlite_types.h */,
			);
			path = include;
			sourceTree = "<group>";
		};
		84479729178820E100833C1E /* src */ = {
			isa = PBXGroup;
			children = (
				8447972A178820E100833C1E /* jsonlite_builder.c */,
				8447972B178820E100833C1E /* jsonlite_hash.c */,
				8447972C178820E100833C1E /* jsonlite_parser.c */,
				8447972D178820E100833C1E /* jsonlite_token.c */,
				8447972E178820E100833C1E /* jsonlite_token_pool.c */,
			);
			path = src;
			sourceTree = "<group>";
		};
		8447972F178820E100833C1E /* objc */ = {
			isa = PBXGroup;
			children = (
				84479730178820E100833C1E /* JsonLiteAccumulator.h */,
				84479731178820E100833C1E /* JsonLiteAccumulator.m */,
				84479732178820E100833C1E /* JsonLiteCollections.h */,
				84479733178820E100833C1E /* JsonLiteCollections.m */,
				84479734178820E100833C1E /* JsonLiteConverters.h */,
				84479735178820E100833C1E /* JsonLiteConverters.m */,
				84479736178820E100833C1E /* JsonLiteDeserializer.h */,
				84479737178820E100833C1E /* JsonLiteDeserializer.m */,
				84479738178820E100833C1E /* JsonLiteMetaData.h */,
				84479739178820E100833C1E /* JsonLiteMetaData.m */,
				8447973A178820E100833C1E /* JsonLiteParser.h */,
				8447973B178820E100833C1E /* JsonLiteParser.m */,
				8447973C178820E100833C1E /* JsonLiteSerializer.h */,
				8447973D178820E100833C1E /* JsonLiteSerializer.m */,
			);
			name = objc;
			path = ../../../objc;
			sourceTree = "<group>";
		};
/* End PBXGroup section */

/* Begin PBXNativeTarget section */
		8447970E178820D600833C1E /* DecimalNumber */ = {
			isa = PBXNativeTarget;
			buildConfigurationList = 8447971D178820D700833C1E /* Build configuration list for PBXNativeTarget "DecimalNumber" */;
			buildPhases = (
				8447970B178820D600833C1E /* Sources */,
				8447970C178820D600833C1E /* Frameworks */,
				8447970D178820D600833C1E /* CopyFiles */,
			);
			buildRules = (
			);
			dependencies = (
			);
			name = DecimalNumber;
			productName = DecimalNumber;
			productReference = 8447970F178820D600833C1E /* DecimalNumber */;
			productType = "com.apple.product-type.tool";
		};
/* End PBXNativeTarget section */

/* Begin PBXProject section */
		84479707178820D600833C1E /* Project object */ = {
			isa = PBXProject;
			attributes = {
				LastUpgradeCheck = 0460;
				ORGANIZATIONNAME = "Andrii Mamchur";
			};
			buildConfigurationList = 8447970A178820D600833C1E /* Build configuration list for PBXProject "DecimalNumber" */;
			compatibilityVersion = "Xcode 3.2";
			developmentRegion = English;
			hasScannedForEncodings = 0;
			knownRegions = (
				en,
			);
			mainGroup = 84479706178820D600833C1E;
			productRefGroup = 84479710178820D600833C1E /* Products */;
			projectDirPath = "";
			projectRoot = "";
			targets = (
				8447970E178820D600833C1E /* DecimalNumber */,
			);
		};
/* End PBXProject section */

/* Begin PBXSourcesBuildPhase section */
		8447970B178820D600833C1E /* Sources */ = {
			isa = PBXSourcesBuildPhase;
			buildActionMask = 2147483647;
			files = (
				84479716178820D600833C1E /* main.m in Sources */,
				8447973E178820E100833C1E /* jsonlite_builder.c in Sources */,
				8447973F178820E100833C1E /* jsonlite_hash.c in Sources */,
				84479740178820E100833C1E /* jsonlite_parser.c in Sources */,
				84479741178820E100833C1E /* jsonlite_token.c in Sources */,
				84479742178820E100833C1E /* jsonlite_token_pool.c in Sources */,
				84479743178820E100833C1E /* JsonLiteAccumulator.m in Sources */,
				84479744178820E100833C1E /* JsonLiteCollections.m in Sources */,
				84479745178820E100833C1E /* JsonLiteConverters.m in Sources */,
				84479746178820E100833C1E /* JsonLiteDeserializer.m in Sources */,
				84479747178820E100833C1E /* JsonLiteMetaData.m in Sources */,
				84479748178820E100833C1E /* JsonLiteParser.m in Sources */,
				84479749178820E100833C1E /* JsonLiteSerializer.m in Sources */,
			);
			runOnlyForDeploymentPostprocessing = 0;
		};
/* End PBXSourcesBuildPhase section */

/* Begin XCBuildConfiguration section */
		8447971B178820D700833C1E /* Debug */ = {
			isa = XCBuildConfiguration;
			buildSettings = {
				ALWAYS_SEARCH_USER_PATHS = NO;
				ARCHS = "$(ARCHS_STANDARD_64_BIT)";
				CLANG_CXX_LANGUAGE_STANDARD = "gnu++0x";
				CLANG_CXX_LIBRARY = "libc++";
				CLANG_WARN_CONSTANT_CONVERSION = YES;
				CLANG_WARN_EMPTY_BODY = YES;
				CLANG_WARN_ENUM_CONVERSION = YES;
				CLANG_WARN_INT_CONVERSION = YES;
				CLANG_WARN__DUPLICATE_METHOD_MATCH = YES;
				COPY_PHASE_STRIP = NO;
				GCC_C_LANGUAGE_STANDARD = gnu99;
				GCC_DYNAMIC_NO_PIC = NO;
				GCC_ENABLE_OBJC_EXCEPTIONS = YES;
				GCC_OPTIMIZATION_LEVEL = 0;
				GCC_PREPROCESSOR_DEFINITIONS = (
					"DEBUG=1",
					"$(inherited)",
				);
				GCC_SYMBOLS_PRIVATE_EXTERN = NO;
				GCC_WARN_64_TO_32_BIT_CONVERSION = YES;
				GCC_WARN_ABOUT_RETURN_TYPE = YES;
				GCC_WARN_UNINITIALIZED_AUTOS = YES;
				GCC_WARN_UNUSED_VARIABLE = YES;
				MACOSX_DEPLOYMENT_TARGET = 10.8;
				ONLY_ACTIVE_ARCH = YES;
				SDKROOT = macosx;
			};
			name = Debug;
		};
		8447971C178820D700833C1E /* Release */ = {
			isa = XCBuildConfiguration;
			buildSettings = {
				ALWAYS_SEARCH_USER_PATHS = NO;
				ARCHS = "$(ARCHS_STANDARD_64_BIT)";
				CLANG_CXX_LANGUAGE_STANDARD = "gnu++0x";
				CLANG_CXX_LIBRARY = "libc++";
				CLANG_WARN_CONSTANT_CONVERSION = YES;
				CLANG_WARN_EMPTY_BODY = YES;
				CLANG_WARN_ENUM_CONVERSION = YES;
				CLANG_WARN_INT_CONVERSION = YES;
				CLANG_WARN__DUPLICATE_METHOD_MATCH = YES;
				COPY_PHASE_STRIP = YES;
				DEBUG_INFORMATION_FORMAT = "dwarf-with-dsym";
				GCC_C_LANGUAGE_STANDARD = gnu99;
				GCC_ENABLE_OBJC_EXCEPTIONS = YES;
				GCC_WARN_64_TO_32_BIT_CONVERSION = YES;
				GCC_WARN_ABOUT_RETURN_TYPE = YES;
				GCC_WARN_UNINITIALIZED_AUTOS = YES;
				GCC_WARN_UNUSED_VARIABLE = YES;
				MACOSX_DEPLOYMENT_TARGET = 10.8;
				SDKROOT = macosx;
			};
			name = Release;
		};
		8447971E178820D700833C1E /* Debug */ = {
			isa = XCBuildConfiguration;
			buildSettings = {
				GCC_PRECOMPILE_PREFIX_HEADER = YES;
				GCC_PREFIX_HEADER = "DecimalNumber/DecimalNumber-Prefix.pch";
				PRODUCT_NAME = "$(TARGET_NAME)";
			};
			name = Debug;
		};
		8447971F178820D700833C1E /* Release */ = {
			isa = XCBuildConfiguration;
			buildSettings = {
				GCC_PRECOMPILE_PREFIX_HEADER = YES;
				GCC_PREFIX_HEADER = "DecimalNumber/DecimalNumber-Prefix.pch";
				PRODUCT_NAME = "$(TARGET_NAME)";
			};
			name = Release;
		};
/* End XCBuildConfiguration section */

/* Begin XCConfigurationList section */
		8447970A178820D600833C1E /* Build configuration list for PBXProject "DecimalNumber" */ = {
			isa = XCConfigurationList;
			buildConfigurations = (
				8447971B178820D700833C1E /* Debug */,
				8447971C178820D700833C1E /* Release */,
			);
			defaultConfigurationIsVisible = 0;
			defaultConfigurationName = Release;
		};
		8447971D178820D700833C1E /* Build configuration list for PBXNativeTarget "DecimalNumber" */ = {
			isa = XCConfigurationList;
			buildConfigurations = (
				8447971E178820D700833C1E /* Debug */,
				8447971F178820D700833C1E /* Release */,
			);
			defaultConfigurationIsVisible = 0;
		};
/* End XCConfigurationList section */
	};
	rootObject = 84479707178820D600833C1E /* Project object */;
}
