// !$*UTF8*$!
{
	archiveVersion = 1;
	classes = {
	};
	objectVersion = 46;
	objects = {

/* Begin PBXBuildFile section */
		84479713178820D600833C1E /* Foundation.framework in Frameworks */ = {isa = PBXBuildFile; fileRef = 84479712178820D600833C1E /* Foundation.framework */; };
		84479716178820D600833C1E /* main.m in Sources */ = {isa = PBXBuildFile; fileRef = 84479715178820D600833C1E /* main.m */; };
		8447971A178820D700833C1E /* DecimalNumber.1 in CopyFiles */ = {isa = PBXBuildFile; fileRef = 84479719178820D700833C1E /* DecimalNumber.1 */; };
		B50155A11867A701002AF125 /* libJsonLiteObjC.a in Frameworks */ = {isa = PBXBuildFile; fileRef = B50155A01867A701002AF125 /* libJsonLiteObjC.a */; };
/* End PBXBuildFile section */

/* Begin PBXCopyFilesBuildPhase section */
		8447970D178820D600833C1E /* CopyFiles */ = {
			isa = PBXCopyFilesBuildPhase;
			buildActionMask = 2147483647;
			dstPath = /usr/share/man/man1/;
			dstSubfolderSpec = 0;
			files = (
				8447971A178820D700833C1E /* DecimalNumber.1 in CopyFiles */,
			);
			runOnlyForDeploymentPostprocessing = 1;
		};
/* End PBXCopyFilesBuildPhase section */

/* Begin PBXFileReference section */
		8447970F178820D600833C1E /* DecimalNumber */ = {isa = PBXFileReference; explicitFileType = "compiled.mach-o.executable"; includeInIndex = 0; path = DecimalNumber; sourceTree = BUILT_PRODUCTS_DIR; };
		84479712178820D600833C1E /* Foundation.framework */ = {isa = PBXFileReference; lastKnownFileType = wrapper.framework; name = Foundation.framework; path = System/Library/Frameworks/Foundation.framework; sourceTree = SDKROOT; };
		84479715178820D600833C1E /* main.m */ = {isa = PBXFileReference; lastKnownFileType = sourcecode.c.objc; path = main.m; sourceTree = "<group>"; };
		84479718178820D700833C1E /* DecimalNumber-Prefix.pch */ = {isa = PBXFileReference; lastKnownFileType = sourcecode.c.h; path = "DecimalNumber-Prefix.pch"; sourceTree = "<group>"; };
		84479719178820D700833C1E /* DecimalNumber.1 */ = {isa = PBXFileReference; lastKnownFileType = text.man; path = DecimalNumber.1; sourceTree = "<group>"; };
		B50155A01867A701002AF125 /* libJsonLiteObjC.a */ = {isa = PBXFileReference; lastKnownFileType = archive.ar; name = libJsonLiteObjC.a; path = "../../platform/ios/build/Debug-iphoneos/libJsonLiteObjC.a"; sourceTree = "<group>"; };
/* End PBXFileReference section */

/* Begin PBXFrameworksBuildPhase section */
		8447970C178820D600833C1E /* Frameworks */ = {
			isa = PBXFrameworksBuildPhase;
			buildActionMask = 2147483647;
			files = (
				B50155A11867A701002AF125 /* libJsonLiteObjC.a in Frameworks */,
				84479713178820D600833C1E /* Foundation.framework in Frameworks */,
			);
			runOnlyForDeploymentPostprocessing = 0;
		};
/* End PBXFrameworksBuildPhase section */

/* Begin PBXGroup section */
		84479706178820D600833C1E = {
			isa = PBXGroup;
			children = (
				84479714178820D600833C1E /* DecimalNumber */,
				84479711178820D600833C1E /* Frameworks */,
				84479710178820D600833C1E /* Products */,
			);
			sourceTree = "<group>";
		};
		84479710178820D600833C1E /* Products */ = {
			isa = PBXGroup;
			children = (
				8447970F178820D600833C1E /* DecimalNumber */,
			);
			name = Products;
			sourceTree = "<group>";
		};
		84479711178820D600833C1E /* Frameworks */ = {
			isa = PBXGroup;
			children = (
				B50155A01867A701002AF125 /* libJsonLiteObjC.a */,
				84479712178820D600833C1E /* Foundation.framework */,
			);
			name = Frameworks;
			sourceTree = "<group>";
		};
		84479714178820D600833C1E /* DecimalNumber */ = {
			isa = PBXGroup;
			children = (
				84479715178820D600833C1E /* main.m */,
				84479719178820D700833C1E /* DecimalNumber.1 */,
				84479717178820D700833C1E /* Supporting Files */,
			);
			path = DecimalNumber;
			sourceTree = "<group>";
		};
		84479717178820D700833C1E /* Supporting Files */ = {
			isa = PBXGroup;
			children = (
				84479718178820D700833C1E /* DecimalNumber-Prefix.pch */,
			);
			name = "Supporting Files";
			sourceTree = "<group>";
		};
/* End PBXGroup section */

/* Begin PBXNativeTarget section */
		8447970E178820D600833C1E /* DecimalNumber */ = {
			isa = PBXNativeTarget;
			buildConfigurationList = 8447971D178820D700833C1E /* Build configuration list for PBXNativeTarget "DecimalNumber" */;
			buildPhases = (
				8447970B178820D600833C1E /* Sources */,
				8447970C178820D600833C1E /* Frameworks */,
				8447970D178820D600833C1E /* CopyFiles */,
			);
			buildRules = (
			);
			dependencies = (
			);
			name = DecimalNumber;
			productName = DecimalNumber;
			productReference = 8447970F178820D600833C1E /* DecimalNumber */;
			productType = "com.apple.product-type.tool";
		};
/* End PBXNativeTarget section */

/* Begin PBXProject section */
		84479707178820D600833C1E /* Project object */ = {
			isa = PBXProject;
			attributes = {
				LastUpgradeCheck = 0500;
				ORGANIZATIONNAME = "Andrii Mamchur";
			};
			buildConfigurationList = 8447970A178820D600833C1E /* Build configuration list for PBXProject "DecimalNumber" */;
			compatibilityVersion = "Xcode 3.2";
			developmentRegion = English;
			hasScannedForEncodings = 0;
			knownRegions = (
				en,
			);
			mainGroup = 84479706178820D600833C1E;
			productRefGroup = 84479710178820D600833C1E /* Products */;
			projectDirPath = "";
			projectRoot = "";
			targets = (
				8447970E178820D600833C1E /* DecimalNumber */,
			);
		};
/* End PBXProject section */

/* Begin PBXSourcesBuildPhase section */
		8447970B178820D600833C1E /* Sources */ = {
			isa = PBXSourcesBuildPhase;
			buildActionMask = 2147483647;
			files = (
				84479716178820D600833C1E /* main.m in Sources */,
			);
			runOnlyForDeploymentPostprocessing = 0;
		};
/* End PBXSourcesBuildPhase section */

/* Begin XCBuildConfiguration section */
		8447971B178820D700833C1E /* Debug */ = {
			isa = XCBuildConfiguration;
			buildSettings = {
				ALWAYS_SEARCH_USER_PATHS = NO;
				CLANG_CXX_LANGUAGE_STANDARD = "gnu++0x";
				CLANG_CXX_LIBRARY = "libc++";
				CLANG_WARN_CONSTANT_CONVERSION = YES;
				CLANG_WARN_EMPTY_BODY = YES;
				CLANG_WARN_ENUM_CONVERSION = YES;
				CLANG_WARN_INT_CONVERSION = YES;
				CLANG_WARN__DUPLICATE_METHOD_MATCH = YES;
				COPY_PHASE_STRIP = NO;
				GCC_C_LANGUAGE_STANDARD = gnu99;
				GCC_DYNAMIC_NO_PIC = NO;
				GCC_ENABLE_OBJC_EXCEPTIONS = YES;
				GCC_OPTIMIZATION_LEVEL = 0;
				GCC_PREPROCESSOR_DEFINITIONS = (
					"DEBUG=1",
					"$(inherited)",
				);
				GCC_SYMBOLS_PRIVATE_EXTERN = NO;
				GCC_WARN_64_TO_32_BIT_CONVERSION = YES;
				GCC_WARN_ABOUT_RETURN_TYPE = YES;
				GCC_WARN_UNINITIALIZED_AUTOS = YES;
				GCC_WARN_UNUSED_VARIABLE = YES;
				MACOSX_DEPLOYMENT_TARGET = 10.8;
				ONLY_ACTIVE_ARCH = YES;
				SDKROOT = macosx;
			};
			name = Debug;
		};
		8447971C178820D700833C1E /* Release */ = {
			isa = XCBuildConfiguration;
			buildSettings = {
				ALWAYS_SEARCH_USER_PATHS = NO;
				CLANG_CXX_LANGUAGE_STANDARD = "gnu++0x";
				CLANG_CXX_LIBRARY = "libc++";
				CLANG_WARN_CONSTANT_CONVERSION = YES;
				CLANG_WARN_EMPTY_BODY = YES;
				CLANG_WARN_ENUM_CONVERSION = YES;
				CLANG_WARN_INT_CONVERSION = YES;
				CLANG_WARN__DUPLICATE_METHOD_MATCH = YES;
				COPY_PHASE_STRIP = YES;
				DEBUG_INFORMATION_FORMAT = "dwarf-with-dsym";
				GCC_C_LANGUAGE_STANDARD = gnu99;
				GCC_ENABLE_OBJC_EXCEPTIONS = YES;
				GCC_WARN_64_TO_32_BIT_CONVERSION = YES;
				GCC_WARN_ABOUT_RETURN_TYPE = YES;
				GCC_WARN_UNINITIALIZED_AUTOS = YES;
				GCC_WARN_UNUSED_VARIABLE = YES;
				MACOSX_DEPLOYMENT_TARGET = 10.8;
				SDKROOT = macosx;
			};
			name = Release;
		};
		8447971E178820D700833C1E /* Debug */ = {
			isa = XCBuildConfiguration;
			buildSettings = {
				GCC_PRECOMPILE_PREFIX_HEADER = YES;
				GCC_PREFIX_HEADER = "DecimalNumber/DecimalNumber-Prefix.pch";
				PRODUCT_NAME = "$(TARGET_NAME)";
			};
			name = Debug;
		};
		8447971F178820D700833C1E /* Release */ = {
			isa = XCBuildConfiguration;
			buildSettings = {
				GCC_PRECOMPILE_PREFIX_HEADER = YES;
				GCC_PREFIX_HEADER = "DecimalNumber/DecimalNumber-Prefix.pch";
				PRODUCT_NAME = "$(TARGET_NAME)";
			};
			name = Release;
		};
/* End XCBuildConfiguration section */

/* Begin XCConfigurationList section */
		8447970A178820D600833C1E /* Build configuration list for PBXProject "DecimalNumber" */ = {
			isa = XCConfigurationList;
			buildConfigurations = (
				8447971B178820D700833C1E /* Debug */,
				8447971C178820D700833C1E /* Release */,
			);
			defaultConfigurationIsVisible = 0;
			defaultConfigurationName = Release;
		};
		8447971D178820D700833C1E /* Build configuration list for PBXNativeTarget "DecimalNumber" */ = {
			isa = XCConfigurationList;
			buildConfigurations = (
				8447971E178820D700833C1E /* Debug */,
				8447971F178820D700833C1E /* Release */,
			);
			defaultConfigurationIsVisible = 0;
			defaultConfigurationName = Release;
		};
/* End XCConfigurationList section */
	};
	rootObject = 84479707178820D600833C1E /* Project object */;
}
